
Microsoft Visual Studio Solution File, Format Version 12.00
# Visual Studio Version 17
VisualStudioVersion = 17.1.32210.238
MinimumVisualStudioVersion = 10.0.40219.1
Project("{FAE04EC0-301F-11D3-BF4B-00C04F79EFBC}") = "ConversorMonedaMVC", "ConversorMonedaMVC\ConversorMonedaMVC.csproj", "{8B41567C-F32A-4A8C-B3E9-DCF569460901}"
EndProject
Global
	GlobalSection(SolutionConfigurationPlatforms) = preSolution
		Debug|Any CPU = Debug|Any CPU
		Release|Any CPU = Release|Any CPU
	EndGlobalSection
	GlobalSection(ProjectConfigurationPlatforms) = postSolution
		{8B41567C-F32A-4A8C-B3E9-DCF569460901}.Debug|Any CPU.ActiveCfg = Debug|Any CPU
		{8B41567C-F32A-4A8C-B3E9-DCF569460901}.Debug|Any CPU.Build.0 = Debug|Any CPU
		{8B41567C-F32A-4A8C-B3E9-DCF569460901}.Release|Any CPU.ActiveCfg = Release|Any CPU
		{8B41567C-F32A-4A8C-B3E9-DCF569460901}.Release|Any CPU.Build.0 = Release|Any CPU
	EndGlobalSection
	GlobalSection(SolutionProperties) = preSolution
		HideSolutionNode = FALSE
	EndGlobalSection
	GlobalSection(ExtensibilityGlobals) = postSolution
		SolutionGuid = {2FACA3F4-811A-4C41-B689-DAE25436FB84}
	EndGlobalSection
EndGlobal
